{
  "version": 1,
  "dependencies": {
    ".NETFramework,Version=v3.5": {
      "Absence.Fody": {
        "type": "Direct",
        "requested": "[2.0.11, )",
        "resolved": "2.0.11",
        "contentHash": "DoO21KRWNDlAt/amx2yD0Z1MAtpv5hC97EU2G9LEhptpgWsFedpBQuajvszRIMD2zIGXEzwSAkgAdvugjQdBoQ=="
      },
      "Collections.Analyzer": {
        "type": "Direct",
        "requested": "[0.2.14.2, )",
        "resolved": "0.2.14.2",
        "contentHash": "FCQXj050exC2BDv7/yq/ECQReT62/nU19ZX08eLGO1RCEg31Uf760nz5mQBb9nSM4mqkVnkVHA7XtBEZEUIzFA=="
      },
      "Divorce.Fody": {
        "type": "Direct",
        "requested": "[1.1.2, )",
        "resolved": "1.1.2",
        "contentHash": "c0IPHVtr5T02Y+YRzGWLNPGyWTIgqzWHdUVgl2vle/SnO4ZPgmlhTke2GltgGuYwAmKFEA7SJlaeCWeZMqkdiA=="
      },
      "Emik.SourceGenerators.Choices": {
        "type": "Direct",
        "requested": "[1.4.17, )",
        "resolved": "1.4.17",
        "contentHash": "TNcX2Q7AfIBgYj5/qvTYPK/ZZh90jU+uB0dobkGXXYFu3pNivYJR8PHMT2p7vSW7Y77R2W0WPO2Bsb5WyK0cAQ=="
      },
      "Emik.SourceGenerators.Implicit": {
        "type": "Direct",
        "requested": "[1.0.8, )",
        "resolved": "1.0.8",
        "contentHash": "ZvORDhXSnsU8W94otlq0cnnU+QZ8AwAp7bto2GmKDoLI1rdRL8lZBwthT/BFgGzXbUPYKgEyNWGzN1uM2w4Ldw=="
      },
      "Emik.SourceGenerators.Tattoo": {
        "type": "Direct",
        "requested": "[2.0.7, )",
        "resolved": "2.0.7",
        "contentHash": "DCEVX9qIWJZ/QNtcp1tAIyX+JcLVCfWxl9znuFBQtWcl1/3XF1AUf0pe+fSuNJH20NZrWguD+u8ye006AvtnEw=="
      },
      "Fody": {
        "type": "Direct",
        "requested": "[6.9.3, )",
        "resolved": "6.9.3",
        "contentHash": "1CUGgFdyECDKgi5HaUBhdv6k+VG9Iy4OCforGfHyar3xQXAJypZkzymgKtWj/4SPd6nSG0Qi7NH71qHrDSZLaA=="
      },
      "IDisposableAnalyzers": {
        "type": "Direct",
        "requested": "[4.0.8, )",
        "resolved": "4.0.8",
        "contentHash": "vNi4NMG0CcJyjXxiNDcQ21FwV/whM9o9OEZKD+oP7tuxAqFEzX/x5OhC3OZJqW/w+8GOtCmJPBquYgMWgz0rfQ=="
      },
      "ILMerge.Fody": {
        "type": "Direct",
        "requested": "[1.24.0, )",
        "resolved": "1.24.0",
        "contentHash": "Jg13T22kxyVUCP1lAfjSDKkL01XzMIM+GWd5kv9Hohi/9L2dhHZK55KQe2Yu/sHoQsYvRToeCDuIBKrNOJza7A=="
      },
      "InlineIL.Fody": {
        "type": "Direct",
        "requested": "[1.10.2, )",
        "resolved": "1.10.2",
        "contentHash": "sJCDXWpPUOPs8uUpbVF5WzT5tsI5ybUI1xM6gzN3CBC4Ckb3J7xcmmrXeUcjbyC9IwFQNyxMir3MyvTzTvCwmw==",
        "dependencies": {
          "Fody": "6.9.3"
        }
      },
      "JetBrains.Annotations": {
        "type": "Direct",
        "requested": "[2026.2.0, )",
        "resolved": "2026.2.0",
        "contentHash": "drvAEaI7Xf4wU6dx4UTB9MoZWXZlraaQ0qoeThPQ411FxNhId7QdUTukIC9I8aUHP0ycAaGwZNKqSvfOZQvUlg=="
      },
      "JetBrainsAnnotations.Fody": {
        "type": "Direct",
        "requested": "[2.17.0, )",
        "resolved": "2.17.0",
        "contentHash": "poQLz+ZhKGJzmlVMkbh4+tSDGPAw7xcv2Pqimao2NERhXv4iF+T1gAcozFVDHiD5wpicaYelICIFohQ9AWq8Fg==",
        "dependencies": {
          "Fody": "6.5.1",
          "JetBrains.Annotations": "2021.1.0"
        }
      },
      "Microsoft.CodeAnalysis.Analyzers": {
        "type": "Direct",
        "requested": "[5.6.0, )",
        "resolved": "5.6.0",
        "contentHash": "30ffAcvc+M4xXFN06dg2bKyH5eXgJQmyuB5H5cpC47559rQV5x7vZRyyC/YakNLQtBG3IdW/ZAyLCMeDBGDxXg=="
      },
      "Microsoft.NETFramework.ReferenceAssemblies": {
        "type": "Direct",
        "requested": "[1.0.3, )",
        "resolved": "1.0.3",
        "contentHash": "vUc9Npcs14QsyOD01tnv/m8sQUnGTGOw1BCmKcv77LBJY7OxhJ+zJF7UD/sCL3lYNFuqmQEVlkfS4Quif6FyYg==",
        "dependencies": {
          "Microsoft.NETFramework.ReferenceAssemblies.net35": "1.0.3"
        }
      },
      "NullGuard.Fody": {
        "type": "Direct",
        "requested": "[3.1.1, )",
        "resolved": "3.1.1",
        "contentHash": "v3S5KBsTafu8lTlO1eouW8Ly6JLcEXRBZAbXbNJfb4fpehY+iSE8m1o4wJQodaEafkPlhoOM4/BnoePKGp1c4A=="
      },
      "ReflectionAnalyzers": {
        "type": "Direct",
        "requested": "[0.3.1, )",
        "resolved": "0.3.1",
        "contentHash": "Q7N3nziye+vGsDPcrKrPFjlaFhrM+1adtJcpjFeq4ufBB+uKc4kRezSK03382xpE8iNQbiRHUl+z31NW0W18FQ=="
      },
      "StaticLambda.Fody": {
        "type": "Direct",
        "requested": "[1.1.3, )",
        "resolved": "1.1.3",
        "contentHash": "Q1aj/jsDoHqz3hkXdex/bnrjV2wEP19Dxj+fgh0C+u0N0Ace8JC6a5xppW72NouwiukQmUE2iLCfINWYtdK+Mw=="
      },
      "Text.Analyzers": {
        "type": "Direct",
        "requested": "[5.6.0, )",
        "resolved": "5.6.0",
        "contentHash": "tDYK+kID75I18NAQhK4U+FolrlpeH4eiUg8d4H5GRbc3L5GMG0ltB7ioANCtuO8V4L7DL4U2bsG1B+zgbsXd/A=="
      },
      "Microsoft.NETFramework.ReferenceAssemblies.net35": {
        "type": "Transitive",
        "resolved": "1.0.3",
        "contentHash": "Mhbr13IGgsW4AHj50uAiVNMPWdvUPWePRsI4x1NiTkhHUc4rqi9XvY5xxBC4d56bJypQbxAZ8bPuZIpz+TjBVQ=="
      }
    },
    ".NETFramework,Version=v4.0": {
      "Absence.Fody": {
        "type": "Direct",
        "requested": "[2.0.11, )",
        "resolved": "2.0.11",
        "contentHash": "DoO21KRWNDlAt/amx2yD0Z1MAtpv5hC97EU2G9LEhptpgWsFedpBQuajvszRIMD2zIGXEzwSAkgAdvugjQdBoQ=="
      },
      "Collections.Analyzer": {
        "type": "Direct",
        "requested": "[0.2.14.2, )",
        "resolved": "0.2.14.2",
        "contentHash": "FCQXj050exC2BDv7/yq/ECQReT62/nU19ZX08eLGO1RCEg31Uf760nz5mQBb9nSM4mqkVnkVHA7XtBEZEUIzFA=="
      },
      "Divorce.Fody": {
        "type": "Direct",
        "requested": "[1.1.2, )",
        "resolved": "1.1.2",
        "contentHash": "c0IPHVtr5T02Y+YRzGWLNPGyWTIgqzWHdUVgl2vle/SnO4ZPgmlhTke2GltgGuYwAmKFEA7SJlaeCWeZMqkdiA=="
      },
      "Emik.SourceGenerators.Choices": {
        "type": "Direct",
        "requested": "[1.4.17, )",
        "resolved": "1.4.17",
        "contentHash": "TNcX2Q7AfIBgYj5/qvTYPK/ZZh90jU+uB0dobkGXXYFu3pNivYJR8PHMT2p7vSW7Y77R2W0WPO2Bsb5WyK0cAQ=="
      },
      "Emik.SourceGenerators.Implicit": {
        "type": "Direct",
        "requested": "[1.0.8, )",
        "resolved": "1.0.8",
        "contentHash": "ZvORDhXSnsU8W94otlq0cnnU+QZ8AwAp7bto2GmKDoLI1rdRL8lZBwthT/BFgGzXbUPYKgEyNWGzN1uM2w4Ldw=="
      },
      "Emik.SourceGenerators.Tattoo": {
        "type": "Direct",
        "requested": "[2.0.7, )",
        "resolved": "2.0.7",
        "contentHash": "DCEVX9qIWJZ/QNtcp1tAIyX+JcLVCfWxl9znuFBQtWcl1/3XF1AUf0pe+fSuNJH20NZrWguD+u8ye006AvtnEw=="
      },
      "Fody": {
        "type": "Direct",
        "requested": "[6.9.3, )",
        "resolved": "6.9.3",
        "contentHash": "1CUGgFdyECDKgi5HaUBhdv6k+VG9Iy4OCforGfHyar3xQXAJypZkzymgKtWj/4SPd6nSG0Qi7NH71qHrDSZLaA=="
      },
      "IDisposableAnalyzers": {
        "type": "Direct",
        "requested": "[4.0.8, )",
        "resolved": "4.0.8",
        "contentHash": "vNi4NMG0CcJyjXxiNDcQ21FwV/whM9o9OEZKD+oP7tuxAqFEzX/x5OhC3OZJqW/w+8GOtCmJPBquYgMWgz0rfQ=="
      },
      "ILMerge.Fody": {
        "type": "Direct",
        "requested": "[1.24.0, )",
        "resolved": "1.24.0",
        "contentHash": "Jg13T22kxyVUCP1lAfjSDKkL01XzMIM+GWd5kv9Hohi/9L2dhHZK55KQe2Yu/sHoQsYvRToeCDuIBKrNOJza7A=="
      },
      "InlineIL.Fody": {
        "type": "Direct",
        "requested": "[1.10.2, )",
        "resolved": "1.10.2",
        "contentHash": "sJCDXWpPUOPs8uUpbVF5WzT5tsI5ybUI1xM6gzN3CBC4Ckb3J7xcmmrXeUcjbyC9IwFQNyxMir3MyvTzTvCwmw==",
        "dependencies": {
          "Fody": "6.9.3"
        }
      },
      "JetBrains.Annotations": {
        "type": "Direct",
        "requested": "[2026.2.0, )",
        "resolved": "2026.2.0",
        "contentHash": "drvAEaI7Xf4wU6dx4UTB9MoZWXZlraaQ0qoeThPQ411FxNhId7QdUTukIC9I8aUHP0ycAaGwZNKqSvfOZQvUlg=="
      },
      "JetBrainsAnnotations.Fody": {
        "type": "Direct",
        "requested": "[2.17.0, )",
        "resolved": "2.17.0",
        "contentHash": "poQLz+ZhKGJzmlVMkbh4+tSDGPAw7xcv2Pqimao2NERhXv4iF+T1gAcozFVDHiD5wpicaYelICIFohQ9AWq8Fg==",
        "dependencies": {
          "Fody": "6.5.1",
          "JetBrains.Annotations": "2021.1.0"
        }
      },
      "Microsoft.CodeAnalysis.Analyzers": {
        "type": "Direct",
        "requested": "[5.6.0, )",
        "resolved": "5.6.0",
        "contentHash": "30ffAcvc+M4xXFN06dg2bKyH5eXgJQmyuB5H5cpC47559rQV5x7vZRyyC/YakNLQtBG3IdW/ZAyLCMeDBGDxXg=="
      },
      "Microsoft.NETFramework.ReferenceAssemblies": {
        "type": "Direct",
        "requested": "[1.0.3, )",
        "resolved": "1.0.3",
        "contentHash": "vUc9Npcs14QsyOD01tnv/m8sQUnGTGOw1BCmKcv77LBJY7OxhJ+zJF7UD/sCL3lYNFuqmQEVlkfS4Quif6FyYg==",
        "dependencies": {
          "Microsoft.NETFramework.ReferenceAssemblies.net40": "1.0.3"
        }
      },
      "NullGuard.Fody": {
        "type": "Direct",
        "requested": "[3.1.1, )",
        "resolved": "3.1.1",
        "contentHash": "v3S5KBsTafu8lTlO1eouW8Ly6JLcEXRBZAbXbNJfb4fpehY+iSE8m1o4wJQodaEafkPlhoOM4/BnoePKGp1c4A=="
      },
      "ReflectionAnalyzers": {
        "type": "Direct",
        "requested": "[0.3.1, )",
        "resolved": "0.3.1",
        "contentHash": "Q7N3nziye+vGsDPcrKrPFjlaFhrM+1adtJcpjFeq4ufBB+uKc4kRezSK03382xpE8iNQbiRHUl+z31NW0W18FQ=="
      },
      "StaticLambda.Fody": {
        "type": "Direct",
        "requested": "[1.1.3, )",
        "resolved": "1.1.3",
        "contentHash": "Q1aj/jsDoHqz3hkXdex/bnrjV2wEP19Dxj+fgh0C+u0N0Ace8JC6a5xppW72NouwiukQmUE2iLCfINWYtdK+Mw=="
      },
      "Text.Analyzers": {
        "type": "Direct",
        "requested": "[5.6.0, )",
        "resolved": "5.6.0",
        "contentHash": "tDYK+kID75I18NAQhK4U+FolrlpeH4eiUg8d4H5GRbc3L5GMG0ltB7ioANCtuO8V4L7DL4U2bsG1B+zgbsXd/A=="
      },
      "Microsoft.NETFramework.ReferenceAssemblies.net40": {
        "type": "Transitive",
        "resolved": "1.0.3",
        "contentHash": "3ctXnCpHdoYJNH9ATfXKwckkkdHvHc1Xls12QB9kf1tjh3b+VzxtiwpkZN4GxOawakfH6CJAkqhlDKSiz6Ujbg=="
      }
    },
    ".NETStandard,Version=v2.0": {
      "Absence.Fody": {
        "type": "Direct",
        "requested": "[2.0.11, )",
        "resolved": "2.0.11",
        "contentHash": "DoO21KRWNDlAt/amx2yD0Z1MAtpv5hC97EU2G9LEhptpgWsFedpBQuajvszRIMD2zIGXEzwSAkgAdvugjQdBoQ=="
      },
      "Collections.Analyzer": {
        "type": "Direct",
        "requested": "[0.2.14.2, )",
        "resolved": "0.2.14.2",
        "contentHash": "FCQXj050exC2BDv7/yq/ECQReT62/nU19ZX08eLGO1RCEg31Uf760nz5mQBb9nSM4mqkVnkVHA7XtBEZEUIzFA=="
      },
      "CommunityToolkit.HighPerformance": {
        "type": "Direct",
        "requested": "[8.4.2, )",
        "resolved": "8.4.2",
        "contentHash": "2hmtrrU18x6NL3mbuAqwy0KpnoEEJOuK6sH5RKQfD/jHijn2pqvqBUC7WGy9dgNBL9BDA7eOC0kirsNPMp2f4Q==",
        "dependencies": {
          "Microsoft.Bcl.HashCode": "6.0.0",
          "System.Memory": "4.6.3",
          "System.Runtime.CompilerServices.Unsafe": "6.1.2",
          "System.Threading.Tasks.Extensions": "4.6.3"
        }
      },
      "Divorce.Fody": {
        "type": "Direct",
        "requested": "[1.1.2, )",
        "resolved": "1.1.2",
        "contentHash": "c0IPHVtr5T02Y+YRzGWLNPGyWTIgqzWHdUVgl2vle/SnO4ZPgmlhTke2GltgGuYwAmKFEA7SJlaeCWeZMqkdiA=="
      },
      "Emik.SourceGenerators.Choices": {
        "type": "Direct",
        "requested": "[1.4.17, )",
        "resolved": "1.4.17",
        "contentHash": "TNcX2Q7AfIBgYj5/qvTYPK/ZZh90jU+uB0dobkGXXYFu3pNivYJR8PHMT2p7vSW7Y77R2W0WPO2Bsb5WyK0cAQ=="
      },
      "Emik.SourceGenerators.Implicit": {
        "type": "Direct",
        "requested": "[1.0.8, )",
        "resolved": "1.0.8",
        "contentHash": "ZvORDhXSnsU8W94otlq0cnnU+QZ8AwAp7bto2GmKDoLI1rdRL8lZBwthT/BFgGzXbUPYKgEyNWGzN1uM2w4Ldw=="
      },
      "Emik.SourceGenerators.Tattoo": {
        "type": "Direct",
        "requested": "[2.0.7, )",
        "resolved": "2.0.7",
        "contentHash": "DCEVX9qIWJZ/QNtcp1tAIyX+JcLVCfWxl9znuFBQtWcl1/3XF1AUf0pe+fSuNJH20NZrWguD+u8ye006AvtnEw=="
      },
      "Fody": {
        "type": "Direct",
        "requested": "[6.9.3, )",
        "resolved": "6.9.3",
        "contentHash": "1CUGgFdyECDKgi5HaUBhdv6k+VG9Iy4OCforGfHyar3xQXAJypZkzymgKtWj/4SPd6nSG0Qi7NH71qHrDSZLaA=="
      },
      "IDisposableAnalyzers": {
        "type": "Direct",
        "requested": "[4.0.8, )",
        "resolved": "4.0.8",
        "contentHash": "vNi4NMG0CcJyjXxiNDcQ21FwV/whM9o9OEZKD+oP7tuxAqFEzX/x5OhC3OZJqW/w+8GOtCmJPBquYgMWgz0rfQ=="
      },
      "ILMerge.Fody": {
        "type": "Direct",
        "requested": "[1.24.0, )",
        "resolved": "1.24.0",
        "contentHash": "Jg13T22kxyVUCP1lAfjSDKkL01XzMIM+GWd5kv9Hohi/9L2dhHZK55KQe2Yu/sHoQsYvRToeCDuIBKrNOJza7A==",
        "dependencies": {
          "Fody": "6.6.4"
        }
      },
      "InlineIL.Fody": {
        "type": "Direct",
        "requested": "[1.10.2, )",
        "resolved": "1.10.2",
        "contentHash": "sJCDXWpPUOPs8uUpbVF5WzT5tsI5ybUI1xM6gzN3CBC4Ckb3J7xcmmrXeUcjbyC9IwFQNyxMir3MyvTzTvCwmw==",
        "dependencies": {
          "Fody": "6.9.3"
        }
      },
      "JetBrains.Annotations": {
        "type": "Direct",
        "requested": "[2026.2.0, )",
        "resolved": "2026.2.0",
        "contentHash": "drvAEaI7Xf4wU6dx4UTB9MoZWXZlraaQ0qoeThPQ411FxNhId7QdUTukIC9I8aUHP0ycAaGwZNKqSvfOZQvUlg=="
      },
      "JetBrainsAnnotations.Fody": {
        "type": "Direct",
        "requested": "[2.17.0, )",
        "resolved": "2.17.0",
        "contentHash": "poQLz+ZhKGJzmlVMkbh4+tSDGPAw7xcv2Pqimao2NERhXv4iF+T1gAcozFVDHiD5wpicaYelICIFohQ9AWq8Fg==",
        "dependencies": {
          "Fody": "6.5.1",
          "JetBrains.Annotations": "2021.1.0"
        }
      },
      "Microsoft.CodeAnalysis.Analyzers": {
        "type": "Direct",
        "requested": "[5.6.0, )",
        "resolved": "5.6.0",
        "contentHash": "30ffAcvc+M4xXFN06dg2bKyH5eXgJQmyuB5H5cpC47559rQV5x7vZRyyC/YakNLQtBG3IdW/ZAyLCMeDBGDxXg=="
      },
      "NETStandard.Library": {
        "type": "Direct",
        "requested": "[2.0.3, )",
        "resolved": "2.0.3",
        "contentHash": "st47PosZSHrjECdjeIzZQbzivYBJFv6P2nv4cj2ypdI204DO+vZ7l5raGMiX4eXMJ53RfOIg+/s4DHVZ54Nu2A==",
        "dependencies": {
          "Microsoft.NETCore.Platforms": "1.1.0"
        }
      },
      "NullGuard.Fody": {
        "type": "Direct",
        "requested": "[3.1.1, )",
        "resolved": "3.1.1",
        "contentHash": "v3S5KBsTafu8lTlO1eouW8Ly6JLcEXRBZAbXbNJfb4fpehY+iSE8m1o4wJQodaEafkPlhoOM4/BnoePKGp1c4A==",
        "dependencies": {
          "Fody": "6.6.4"
        }
      },
      "ReflectionAnalyzers": {
        "type": "Direct",
        "requested": "[0.3.1, )",
        "resolved": "0.3.1",
        "contentHash": "Q7N3nziye+vGsDPcrKrPFjlaFhrM+1adtJcpjFeq4ufBB+uKc4kRezSK03382xpE8iNQbiRHUl+z31NW0W18FQ=="
      },
      "StaticLambda.Fody": {
        "type": "Direct",
        "requested": "[1.1.3, )",
        "resolved": "1.1.3",
        "contentHash": "Q1aj/jsDoHqz3hkXdex/bnrjV2wEP19Dxj+fgh0C+u0N0Ace8JC6a5xppW72NouwiukQmUE2iLCfINWYtdK+Mw=="
      },
      "System.Memory": {
        "type": "Direct",
        "requested": "[4.6.3, )",
        "resolved": "4.6.3",
        "contentHash": "qdcDOgnFZY40+Q9876JUHnlHu7bosOHX8XISRoH94fwk6hgaeQGSgfZd8srWRZNt5bV9ZW2TljcegDNxsf+96A==",
        "dependencies": {
          "System.Buffers": "4.6.1",
          "System.Numerics.Vectors": "4.6.1",
          "System.Runtime.CompilerServices.Unsafe": "6.1.2"
        }
      },
      "Text.Analyzers": {
        "type": "Direct",
        "requested": "[5.6.0, )",
        "resolved": "5.6.0",
        "contentHash": "tDYK+kID75I18NAQhK4U+FolrlpeH4eiUg8d4H5GRbc3L5GMG0ltB7ioANCtuO8V4L7DL4U2bsG1B+zgbsXd/A=="
      },
      "Microsoft.Bcl.HashCode": {
        "type": "Transitive",
        "resolved": "6.0.0",
        "contentHash": "GI4jcoi6eC9ZhNOQylIBaWOQjyGaR8T6N3tC1u8p3EXfndLCVNNWa+Zp+ocjvvS3kNBN09Zma2HXL0ezO0dRfw=="
      },
      "Microsoft.NETCore.Platforms": {
        "type": "Transitive",
        "resolved": "1.1.0",
        "contentHash": "kz0PEW2lhqygehI/d6XsPCQzD7ff7gUJaVGPVETX611eadGsA3A877GdSlU0LRVMCTH/+P3o2iDTak+S08V2+A=="
      },
      "System.Buffers": {
        "type": "Transitive",
        "resolved": "4.6.1",
        "contentHash": "N8GXpmiLMtljq7gwvyS+1QvKT/W2J8sNAvx+HVg4NGmsG/H+2k/y9QI23auLJRterrzCiDH+IWAw4V/GPwsMlw=="
      },
      "System.Numerics.Vectors": {
        "type": "Transitive",
        "resolved": "4.6.1",
        "contentHash": "sQxefTnhagrhoq2ReR0D/6K0zJcr9Hrd6kikeXsA1I8kOCboTavcUC4r7TSfpKFeE163uMuxZcyfO1mGO3EN8Q=="
      },
      "System.Runtime.CompilerServices.Unsafe": {
        "type": "Transitive",
        "resolved": "6.1.2",
        "contentHash": "2hBr6zdbIBTDE3EhK7NSVNdX58uTK6iHW/P/Axmm9sl1xoGSLqDvMtpecn226TNwHByFokYwJmt/aQQNlO5CRw=="
      },
      "System.Threading.Tasks.Extensions": {
        "type": "Transitive",
        "resolved": "4.6.3",
        "contentHash": "7sCiwilJLYbTZELaKnc7RecBBXWXA+xMLQWZKWawBxYjp6DBlSE3v9/UcvKBvr1vv2tTOhipiogM8rRmxlhrVA==",
        "dependencies": {
          "System.Runtime.CompilerServices.Unsafe": "6.1.2"
        }
      }
    },
    ".NETStandard,Version=v2.1": {
      "Absence.Fody": {
        "type": "Direct",
        "requested": "[2.0.11, )",
        "resolved": "2.0.11",
        "contentHash": "DoO21KRWNDlAt/amx2yD0Z1MAtpv5hC97EU2G9LEhptpgWsFedpBQuajvszRIMD2zIGXEzwSAkgAdvugjQdBoQ=="
      },
      "Collections.Analyzer": {
        "type": "Direct",
        "requested": "[0.2.14.2, )",
        "resolved": "0.2.14.2",
        "contentHash": "FCQXj050exC2BDv7/yq/ECQReT62/nU19ZX08eLGO1RCEg31Uf760nz5mQBb9nSM4mqkVnkVHA7XtBEZEUIzFA=="
      },
      "CommunityToolkit.HighPerformance": {
        "type": "Direct",
        "requested": "[8.4.2, )",
        "resolved": "8.4.2",
        "contentHash": "2hmtrrU18x6NL3mbuAqwy0KpnoEEJOuK6sH5RKQfD/jHijn2pqvqBUC7WGy9dgNBL9BDA7eOC0kirsNPMp2f4Q==",
        "dependencies": {
          "System.Runtime.CompilerServices.Unsafe": "6.1.2"
        }
      },
      "Divorce.Fody": {
        "type": "Direct",
        "requested": "[1.1.2, )",
        "resolved": "1.1.2",
        "contentHash": "c0IPHVtr5T02Y+YRzGWLNPGyWTIgqzWHdUVgl2vle/SnO4ZPgmlhTke2GltgGuYwAmKFEA7SJlaeCWeZMqkdiA=="
      },
      "Emik.SourceGenerators.Choices": {
        "type": "Direct",
        "requested": "[1.4.17, )",
        "resolved": "1.4.17",
        "contentHash": "TNcX2Q7AfIBgYj5/qvTYPK/ZZh90jU+uB0dobkGXXYFu3pNivYJR8PHMT2p7vSW7Y77R2W0WPO2Bsb5WyK0cAQ=="
      },
      "Emik.SourceGenerators.Implicit": {
        "type": "Direct",
        "requested": "[1.0.8, )",
        "resolved": "1.0.8",
        "contentHash": "ZvORDhXSnsU8W94otlq0cnnU+QZ8AwAp7bto2GmKDoLI1rdRL8lZBwthT/BFgGzXbUPYKgEyNWGzN1uM2w4Ldw=="
      },
      "Emik.SourceGenerators.Tattoo": {
        "type": "Direct",
        "requested": "[2.0.7, )",
        "resolved": "2.0.7",
        "contentHash": "DCEVX9qIWJZ/QNtcp1tAIyX+JcLVCfWxl9znuFBQtWcl1/3XF1AUf0pe+fSuNJH20NZrWguD+u8ye006AvtnEw=="
      },
      "Fody": {
        "type": "Direct",
        "requested": "[6.9.3, )",
        "resolved": "6.9.3",
        "contentHash": "1CUGgFdyECDKgi5HaUBhdv6k+VG9Iy4OCforGfHyar3xQXAJypZkzymgKtWj/4SPd6nSG0Qi7NH71qHrDSZLaA=="
      },
      "IDisposableAnalyzers": {
        "type": "Direct",
        "requested": "[4.0.8, )",
        "resolved": "4.0.8",
        "contentHash": "vNi4NMG0CcJyjXxiNDcQ21FwV/whM9o9OEZKD+oP7tuxAqFEzX/x5OhC3OZJqW/w+8GOtCmJPBquYgMWgz0rfQ=="
      },
      "ILMerge.Fody": {
        "type": "Direct",
        "requested": "[1.24.0, )",
        "resolved": "1.24.0",
        "contentHash": "Jg13T22kxyVUCP1lAfjSDKkL01XzMIM+GWd5kv9Hohi/9L2dhHZK55KQe2Yu/sHoQsYvRToeCDuIBKrNOJza7A==",
        "dependencies": {
          "Fody": "6.6.4"
        }
      },
      "InlineIL.Fody": {
        "type": "Direct",
        "requested": "[1.10.2, )",
        "resolved": "1.10.2",
        "contentHash": "sJCDXWpPUOPs8uUpbVF5WzT5tsI5ybUI1xM6gzN3CBC4Ckb3J7xcmmrXeUcjbyC9IwFQNyxMir3MyvTzTvCwmw==",
        "dependencies": {
          "Fody": "6.9.3"
        }
      },
      "JetBrains.Annotations": {
        "type": "Direct",
        "requested": "[2026.2.0, )",
        "resolved": "2026.2.0",
        "contentHash": "drvAEaI7Xf4wU6dx4UTB9MoZWXZlraaQ0qoeThPQ411FxNhId7QdUTukIC9I8aUHP0ycAaGwZNKqSvfOZQvUlg=="
      },
      "JetBrainsAnnotations.Fody": {
        "type": "Direct",
        "requested": "[2.17.0, )",
        "resolved": "2.17.0",
        "contentHash": "poQLz+ZhKGJzmlVMkbh4+tSDGPAw7xcv2Pqimao2NERhXv4iF+T1gAcozFVDHiD5wpicaYelICIFohQ9AWq8Fg==",
        "dependencies": {
          "Fody": "6.5.1",
          "JetBrains.Annotations": "2021.1.0"
        }
      },
      "Microsoft.CodeAnalysis.Analyzers": {
        "type": "Direct",
        "requested": "[5.6.0, )",
        "resolved": "5.6.0",
        "contentHash": "30ffAcvc+M4xXFN06dg2bKyH5eXgJQmyuB5H5cpC47559rQV5x7vZRyyC/YakNLQtBG3IdW/ZAyLCMeDBGDxXg=="
      },
      "NullGuard.Fody": {
        "type": "Direct",
        "requested": "[3.1.1, )",
        "resolved": "3.1.1",
        "contentHash": "v3S5KBsTafu8lTlO1eouW8Ly6JLcEXRBZAbXbNJfb4fpehY+iSE8m1o4wJQodaEafkPlhoOM4/BnoePKGp1c4A==",
        "dependencies": {
          "Fody": "6.6.4"
        }
      },
      "ReflectionAnalyzers": {
        "type": "Direct",
        "requested": "[0.3.1, )",
        "resolved": "0.3.1",
        "contentHash": "Q7N3nziye+vGsDPcrKrPFjlaFhrM+1adtJcpjFeq4ufBB+uKc4kRezSK03382xpE8iNQbiRHUl+z31NW0W18FQ=="
      },
      "StaticLambda.Fody": {
        "type": "Direct",
        "requested": "[1.1.3, )",
        "resolved": "1.1.3",
        "contentHash": "Q1aj/jsDoHqz3hkXdex/bnrjV2wEP19Dxj+fgh0C+u0N0Ace8JC6a5xppW72NouwiukQmUE2iLCfINWYtdK+Mw=="
      },
      "Text.Analyzers": {
        "type": "Direct",
        "requested": "[5.6.0, )",
        "resolved": "5.6.0",
        "contentHash": "tDYK+kID75I18NAQhK4U+FolrlpeH4eiUg8d4H5GRbc3L5GMG0ltB7ioANCtuO8V4L7DL4U2bsG1B+zgbsXd/A=="
      },
      "System.Runtime.CompilerServices.Unsafe": {
        "type": "Transitive",
        "resolved": "6.1.2",
        "contentHash": "2hBr6zdbIBTDE3EhK7NSVNdX58uTK6iHW/P/Axmm9sl1xoGSLqDvMtpecn226TNwHByFokYwJmt/aQQNlO5CRw=="
      }
    },
    ".NETCoreApp,Version=v5.0": {
      "Absence.Fody": {
        "type": "Direct",
        "requested": "[2.0.11, )",
        "resolved": "2.0.11",
        "contentHash": "DoO21KRWNDlAt/amx2yD0Z1MAtpv5hC97EU2G9LEhptpgWsFedpBQuajvszRIMD2zIGXEzwSAkgAdvugjQdBoQ=="
      },
      "Collections.Analyzer": {
        "type": "Direct",
        "requested": "[0.2.14.2, )",
        "resolved": "0.2.14.2",
        "contentHash": "FCQXj050exC2BDv7/yq/ECQReT62/nU19ZX08eLGO1RCEg31Uf760nz5mQBb9nSM4mqkVnkVHA7XtBEZEUIzFA=="
      },
      "CommunityToolkit.HighPerformance": {
        "type": "Direct",
        "requested": "[8.4.2, )",
        "resolved": "8.4.2",
        "contentHash": "2hmtrrU18x6NL3mbuAqwy0KpnoEEJOuK6sH5RKQfD/jHijn2pqvqBUC7WGy9dgNBL9BDA7eOC0kirsNPMp2f4Q==",
        "dependencies": {
          "System.Runtime.CompilerServices.Unsafe": "6.1.2"
        }
      },
      "Divorce.Fody": {
        "type": "Direct",
        "requested": "[1.1.2, )",
        "resolved": "1.1.2",
        "contentHash": "c0IPHVtr5T02Y+YRzGWLNPGyWTIgqzWHdUVgl2vle/SnO4ZPgmlhTke2GltgGuYwAmKFEA7SJlaeCWeZMqkdiA=="
      },
      "Emik.SourceGenerators.Choices": {
        "type": "Direct",
        "requested": "[1.4.17, )",
        "resolved": "1.4.17",
        "contentHash": "TNcX2Q7AfIBgYj5/qvTYPK/ZZh90jU+uB0dobkGXXYFu3pNivYJR8PHMT2p7vSW7Y77R2W0WPO2Bsb5WyK0cAQ=="
      },
      "Emik.SourceGenerators.Implicit": {
        "type": "Direct",
        "requested": "[1.0.8, )",
        "resolved": "1.0.8",
        "contentHash": "ZvORDhXSnsU8W94otlq0cnnU+QZ8AwAp7bto2GmKDoLI1rdRL8lZBwthT/BFgGzXbUPYKgEyNWGzN1uM2w4Ldw=="
      },
      "Emik.SourceGenerators.Tattoo": {
        "type": "Direct",
        "requested": "[2.0.7, )",
        "resolved": "2.0.7",
        "contentHash": "DCEVX9qIWJZ/QNtcp1tAIyX+JcLVCfWxl9znuFBQtWcl1/3XF1AUf0pe+fSuNJH20NZrWguD+u8ye006AvtnEw=="
      },
      "Fody": {
        "type": "Direct",
        "requested": "[6.9.3, )",
        "resolved": "6.9.3",
        "contentHash": "1CUGgFdyECDKgi5HaUBhdv6k+VG9Iy4OCforGfHyar3xQXAJypZkzymgKtWj/4SPd6nSG0Qi7NH71qHrDSZLaA=="
      },
      "IDisposableAnalyzers": {
        "type": "Direct",
        "requested": "[4.0.8, )",
        "resolved": "4.0.8",
        "contentHash": "vNi4NMG0CcJyjXxiNDcQ21FwV/whM9o9OEZKD+oP7tuxAqFEzX/x5OhC3OZJqW/w+8GOtCmJPBquYgMWgz0rfQ=="
      },
      "ILMerge.Fody": {
        "type": "Direct",
        "requested": "[1.24.0, )",
        "resolved": "1.24.0",
        "contentHash": "Jg13T22kxyVUCP1lAfjSDKkL01XzMIM+GWd5kv9Hohi/9L2dhHZK55KQe2Yu/sHoQsYvRToeCDuIBKrNOJza7A==",
        "dependencies": {
          "Fody": "6.6.4"
        }
      },
      "InlineIL.Fody": {
        "type": "Direct",
        "requested": "[1.10.2, )",
        "resolved": "1.10.2",
        "contentHash": "sJCDXWpPUOPs8uUpbVF5WzT5tsI5ybUI1xM6gzN3CBC4Ckb3J7xcmmrXeUcjbyC9IwFQNyxMir3MyvTzTvCwmw==",
        "dependencies": {
          "Fody": "6.9.3"
        }
      },
      "JetBrains.Annotations": {
        "type": "Direct",
        "requested": "[2026.2.0, )",
        "resolved": "2026.2.0",
        "contentHash": "drvAEaI7Xf4wU6dx4UTB9MoZWXZlraaQ0qoeThPQ411FxNhId7QdUTukIC9I8aUHP0ycAaGwZNKqSvfOZQvUlg=="
      },
      "JetBrainsAnnotations.Fody": {
        "type": "Direct",
        "requested": "[2.17.0, )",
        "resolved": "2.17.0",
        "contentHash": "poQLz+ZhKGJzmlVMkbh4+tSDGPAw7xcv2Pqimao2NERhXv4iF+T1gAcozFVDHiD5wpicaYelICIFohQ9AWq8Fg==",
        "dependencies": {
          "Fody": "6.5.1",
          "JetBrains.Annotations": "2021.1.0"
        }
      },
      "Microsoft.CodeAnalysis.Analyzers": {
        "type": "Direct",
        "requested": "[5.6.0, )",
        "resolved": "5.6.0",
        "contentHash": "30ffAcvc+M4xXFN06dg2bKyH5eXgJQmyuB5H5cpC47559rQV5x7vZRyyC/YakNLQtBG3IdW/ZAyLCMeDBGDxXg=="
      },
      "NullGuard.Fody": {
        "type": "Direct",
        "requested": "[3.1.1, )",
        "resolved": "3.1.1",
        "contentHash": "v3S5KBsTafu8lTlO1eouW8Ly6JLcEXRBZAbXbNJfb4fpehY+iSE8m1o4wJQodaEafkPlhoOM4/BnoePKGp1c4A==",
        "dependencies": {
          "Fody": "6.6.4"
        }
      },
      "ReflectionAnalyzers": {
        "type": "Direct",
        "requested": "[0.3.1, )",
        "resolved": "0.3.1",
        "contentHash": "Q7N3nziye+vGsDPcrKrPFjlaFhrM+1adtJcpjFeq4ufBB+uKc4kRezSK03382xpE8iNQbiRHUl+z31NW0W18FQ=="
      },
      "StaticLambda.Fody": {
        "type": "Direct",
        "requested": "[1.1.3, )",
        "resolved": "1.1.3",
        "contentHash": "Q1aj/jsDoHqz3hkXdex/bnrjV2wEP19Dxj+fgh0C+u0N0Ace8JC6a5xppW72NouwiukQmUE2iLCfINWYtdK+Mw=="
      },
      "Text.Analyzers": {
        "type": "Direct",
        "requested": "[5.6.0, )",
        "resolved": "5.6.0",
        "contentHash": "tDYK+kID75I18NAQhK4U+FolrlpeH4eiUg8d4H5GRbc3L5GMG0ltB7ioANCtuO8V4L7DL4U2bsG1B+zgbsXd/A=="
      },
      "System.Runtime.CompilerServices.Unsafe": {
        "type": "Transitive",
        "resolved": "6.1.2",
        "contentHash": "2hBr6zdbIBTDE3EhK7NSVNdX58uTK6iHW/P/Axmm9sl1xoGSLqDvMtpecn226TNwHByFokYwJmt/aQQNlO5CRw=="
      }
    },
    "net6.0": {
      "Absence.Fody": {
        "type": "Direct",
        "requested": "[2.0.11, )",
        "resolved": "2.0.11",
        "contentHash": "DoO21KRWNDlAt/amx2yD0Z1MAtpv5hC97EU2G9LEhptpgWsFedpBQuajvszRIMD2zIGXEzwSAkgAdvugjQdBoQ=="
      },
      "Collections.Analyzer": {
        "type": "Direct",
        "requested": "[0.2.14.2, )",
        "resolved": "0.2.14.2",
        "contentHash": "FCQXj050exC2BDv7/yq/ECQReT62/nU19ZX08eLGO1RCEg31Uf760nz5mQBb9nSM4mqkVnkVHA7XtBEZEUIzFA=="
      },
      "CommunityToolkit.HighPerformance": {
        "type": "Direct",
        "requested": "[8.4.2, )",
        "resolved": "8.4.2",
        "contentHash": "2hmtrrU18x6NL3mbuAqwy0KpnoEEJOuK6sH5RKQfD/jHijn2pqvqBUC7WGy9dgNBL9BDA7eOC0kirsNPMp2f4Q==",
        "dependencies": {
          "System.Runtime.CompilerServices.Unsafe": "6.1.2"
        }
      },
      "Divorce.Fody": {
        "type": "Direct",
        "requested": "[1.1.2, )",
        "resolved": "1.1.2",
        "contentHash": "c0IPHVtr5T02Y+YRzGWLNPGyWTIgqzWHdUVgl2vle/SnO4ZPgmlhTke2GltgGuYwAmKFEA7SJlaeCWeZMqkdiA=="
      },
      "Emik.SourceGenerators.Choices": {
        "type": "Direct",
        "requested": "[1.4.17, )",
        "resolved": "1.4.17",
        "contentHash": "TNcX2Q7AfIBgYj5/qvTYPK/ZZh90jU+uB0dobkGXXYFu3pNivYJR8PHMT2p7vSW7Y77R2W0WPO2Bsb5WyK0cAQ=="
      },
      "Emik.SourceGenerators.Implicit": {
        "type": "Direct",
        "requested": "[1.0.8, )",
        "resolved": "1.0.8",
        "contentHash": "ZvORDhXSnsU8W94otlq0cnnU+QZ8AwAp7bto2GmKDoLI1rdRL8lZBwthT/BFgGzXbUPYKgEyNWGzN1uM2w4Ldw=="
      },
      "Emik.SourceGenerators.Tattoo": {
        "type": "Direct",
        "requested": "[2.0.7, )",
        "resolved": "2.0.7",
        "contentHash": "DCEVX9qIWJZ/QNtcp1tAIyX+JcLVCfWxl9znuFBQtWcl1/3XF1AUf0pe+fSuNJH20NZrWguD+u8ye006AvtnEw=="
      },
      "Fody": {
        "type": "Direct",
        "requested": "[6.9.3, )",
        "resolved": "6.9.3",
        "contentHash": "1CUGgFdyECDKgi5HaUBhdv6k+VG9Iy4OCforGfHyar3xQXAJypZkzymgKtWj/4SPd6nSG0Qi7NH71qHrDSZLaA=="
      },
      "IDisposableAnalyzers": {
        "type": "Direct",
        "requested": "[4.0.8, )",
        "resolved": "4.0.8",
        "contentHash": "vNi4NMG0CcJyjXxiNDcQ21FwV/whM9o9OEZKD+oP7tuxAqFEzX/x5OhC3OZJqW/w+8GOtCmJPBquYgMWgz0rfQ=="
      },
      "ILMerge.Fody": {
        "type": "Direct",
        "requested": "[1.24.0, )",
        "resolved": "1.24.0",
        "contentHash": "Jg13T22kxyVUCP1lAfjSDKkL01XzMIM+GWd5kv9Hohi/9L2dhHZK55KQe2Yu/sHoQsYvRToeCDuIBKrNOJza7A==",
        "dependencies": {
          "Fody": "6.6.4"
        }
      },
      "InlineIL.Fody": {
        "type": "Direct",
        "requested": "[1.10.2, )",
        "resolved": "1.10.2",
        "contentHash": "sJCDXWpPUOPs8uUpbVF5WzT5tsI5ybUI1xM6gzN3CBC4Ckb3J7xcmmrXeUcjbyC9IwFQNyxMir3MyvTzTvCwmw==",
        "dependencies": {
          "Fody": "6.9.3"
        }
      },
      "JetBrains.Annotations": {
        "type": "Direct",
        "requested": "[2026.2.0, )",
        "resolved": "2026.2.0",
        "contentHash": "drvAEaI7Xf4wU6dx4UTB9MoZWXZlraaQ0qoeThPQ411FxNhId7QdUTukIC9I8aUHP0ycAaGwZNKqSvfOZQvUlg=="
      },
      "JetBrainsAnnotations.Fody": {
        "type": "Direct",
        "requested": "[2.17.0, )",
        "resolved": "2.17.0",
        "contentHash": "poQLz+ZhKGJzmlVMkbh4+tSDGPAw7xcv2Pqimao2NERhXv4iF+T1gAcozFVDHiD5wpicaYelICIFohQ9AWq8Fg==",
        "dependencies": {
          "Fody": "6.5.1",
          "JetBrains.Annotations": "2021.1.0"
        }
      },
      "Microsoft.CodeAnalysis.Analyzers": {
        "type": "Direct",
        "requested": "[5.6.0, )",
        "resolved": "5.6.0",
        "contentHash": "30ffAcvc+M4xXFN06dg2bKyH5eXgJQmyuB5H5cpC47559rQV5x7vZRyyC/YakNLQtBG3IdW/ZAyLCMeDBGDxXg=="
      },
      "NullGuard.Fody": {
        "type": "Direct",
        "requested": "[3.1.1, )",
        "resolved": "3.1.1",
        "contentHash": "v3S5KBsTafu8lTlO1eouW8Ly6JLcEXRBZAbXbNJfb4fpehY+iSE8m1o4wJQodaEafkPlhoOM4/BnoePKGp1c4A==",
        "dependencies": {
          "Fody": "6.6.4"
        }
      },
      "ReflectionAnalyzers": {
        "type": "Direct",
        "requested": "[0.3.1, )",
        "resolved": "0.3.1",
        "contentHash": "Q7N3nziye+vGsDPcrKrPFjlaFhrM+1adtJcpjFeq4ufBB+uKc4kRezSK03382xpE8iNQbiRHUl+z31NW0W18FQ=="
      },
      "StaticLambda.Fody": {
        "type": "Direct",
        "requested": "[1.1.3, )",
        "resolved": "1.1.3",
        "contentHash": "Q1aj/jsDoHqz3hkXdex/bnrjV2wEP19Dxj+fgh0C+u0N0Ace8JC6a5xppW72NouwiukQmUE2iLCfINWYtdK+Mw=="
      },
      "Text.Analyzers": {
        "type": "Direct",
        "requested": "[5.6.0, )",
        "resolved": "5.6.0",
        "contentHash": "tDYK+kID75I18NAQhK4U+FolrlpeH4eiUg8d4H5GRbc3L5GMG0ltB7ioANCtuO8V4L7DL4U2bsG1B+zgbsXd/A=="
      },
      "System.Runtime.CompilerServices.Unsafe": {
        "type": "Transitive",
        "resolved": "6.1.2",
        "contentHash": "2hBr6zdbIBTDE3EhK7NSVNdX58uTK6iHW/P/Axmm9sl1xoGSLqDvMtpecn226TNwHByFokYwJmt/aQQNlO5CRw=="
      }
    },
    "net7.0": {
      "Absence.Fody": {
        "type": "Direct",
        "requested": "[2.0.11, )",
        "resolved": "2.0.11",
        "contentHash": "DoO21KRWNDlAt/amx2yD0Z1MAtpv5hC97EU2G9LEhptpgWsFedpBQuajvszRIMD2zIGXEzwSAkgAdvugjQdBoQ=="
      },
      "Collections.Analyzer": {
        "type": "Direct",
        "requested": "[0.2.14.2, )",
        "resolved": "0.2.14.2",
        "contentHash": "FCQXj050exC2BDv7/yq/ECQReT62/nU19ZX08eLGO1RCEg31Uf760nz5mQBb9nSM4mqkVnkVHA7XtBEZEUIzFA=="
      },
      "CommunityToolkit.HighPerformance": {
        "type": "Direct",
        "requested": "[8.4.2, )",
        "resolved": "8.4.2",
        "contentHash": "2hmtrrU18x6NL3mbuAqwy0KpnoEEJOuK6sH5RKQfD/jHijn2pqvqBUC7WGy9dgNBL9BDA7eOC0kirsNPMp2f4Q==",
        "dependencies": {
          "System.Runtime.CompilerServices.Unsafe": "6.1.2"
        }
      },
      "Divorce.Fody": {
        "type": "Direct",
        "requested": "[1.1.2, )",
        "resolved": "1.1.2",
        "contentHash": "c0IPHVtr5T02Y+YRzGWLNPGyWTIgqzWHdUVgl2vle/SnO4ZPgmlhTke2GltgGuYwAmKFEA7SJlaeCWeZMqkdiA=="
      },
      "Emik.SourceGenerators.Choices": {
        "type": "Direct",
        "requested": "[1.4.17, )",
        "resolved": "1.4.17",
        "contentHash": "TNcX2Q7AfIBgYj5/qvTYPK/ZZh90jU+uB0dobkGXXYFu3pNivYJR8PHMT2p7vSW7Y77R2W0WPO2Bsb5WyK0cAQ=="
      },
      "Emik.SourceGenerators.Implicit": {
        "type": "Direct",
        "requested": "[1.0.8, )",
        "resolved": "1.0.8",
        "contentHash": "ZvORDhXSnsU8W94otlq0cnnU+QZ8AwAp7bto2GmKDoLI1rdRL8lZBwthT/BFgGzXbUPYKgEyNWGzN1uM2w4Ldw=="
      },
      "Emik.SourceGenerators.Tattoo": {
        "type": "Direct",
        "requested": "[2.0.7, )",
        "resolved": "2.0.7",
        "contentHash": "DCEVX9qIWJZ/QNtcp1tAIyX+JcLVCfWxl9znuFBQtWcl1/3XF1AUf0pe+fSuNJH20NZrWguD+u8ye006AvtnEw=="
      },
      "Fody": {
        "type": "Direct",
        "requested": "[6.9.3, )",
        "resolved": "6.9.3",
        "contentHash": "1CUGgFdyECDKgi5HaUBhdv6k+VG9Iy4OCforGfHyar3xQXAJypZkzymgKtWj/4SPd6nSG0Qi7NH71qHrDSZLaA=="
      },
      "IDisposableAnalyzers": {
        "type": "Direct",
        "requested": "[4.0.8, )",
        "resolved": "4.0.8",
        "contentHash": "vNi4NMG0CcJyjXxiNDcQ21FwV/whM9o9OEZKD+oP7tuxAqFEzX/x5OhC3OZJqW/w+8GOtCmJPBquYgMWgz0rfQ=="
      },
      "ILMerge.Fody": {
        "type": "Direct",
        "requested": "[1.24.0, )",
        "resolved": "1.24.0",
        "contentHash": "Jg13T22kxyVUCP1lAfjSDKkL01XzMIM+GWd5kv9Hohi/9L2dhHZK55KQe2Yu/sHoQsYvRToeCDuIBKrNOJza7A==",
        "dependencies": {
          "Fody": "6.6.4"
        }
      },
      "InlineIL.Fody": {
        "type": "Direct",
        "requested": "[1.10.2, )",
        "resolved": "1.10.2",
        "contentHash": "sJCDXWpPUOPs8uUpbVF5WzT5tsI5ybUI1xM6gzN3CBC4Ckb3J7xcmmrXeUcjbyC9IwFQNyxMir3MyvTzTvCwmw==",
        "dependencies": {
          "Fody": "6.9.3"
        }
      },
      "JetBrains.Annotations": {
        "type": "Direct",
        "requested": "[2026.2.0, )",
        "resolved": "2026.2.0",
        "contentHash": "drvAEaI7Xf4wU6dx4UTB9MoZWXZlraaQ0qoeThPQ411FxNhId7QdUTukIC9I8aUHP0ycAaGwZNKqSvfOZQvUlg=="
      },
      "JetBrainsAnnotations.Fody": {
        "type": "Direct",
        "requested": "[2.17.0, )",
        "resolved": "2.17.0",
        "contentHash": "poQLz+ZhKGJzmlVMkbh4+tSDGPAw7xcv2Pqimao2NERhXv4iF+T1gAcozFVDHiD5wpicaYelICIFohQ9AWq8Fg==",
        "dependencies": {
          "Fody": "6.5.1",
          "JetBrains.Annotations": "2021.1.0"
        }
      },
      "Microsoft.CodeAnalysis.Analyzers": {
        "type": "Direct",
        "requested": "[5.6.0, )",
        "resolved": "5.6.0",
        "contentHash": "30ffAcvc+M4xXFN06dg2bKyH5eXgJQmyuB5H5cpC47559rQV5x7vZRyyC/YakNLQtBG3IdW/ZAyLCMeDBGDxXg=="
      },
      "NullGuard.Fody": {
        "type": "Direct",
        "requested": "[3.1.1, )",
        "resolved": "3.1.1",
        "contentHash": "v3S5KBsTafu8lTlO1eouW8Ly6JLcEXRBZAbXbNJfb4fpehY+iSE8m1o4wJQodaEafkPlhoOM4/BnoePKGp1c4A==",
        "dependencies": {
          "Fody": "6.6.4"
        }
      },
      "ReflectionAnalyzers": {
        "type": "Direct",
        "requested": "[0.3.1, )",
        "resolved": "0.3.1",
        "contentHash": "Q7N3nziye+vGsDPcrKrPFjlaFhrM+1adtJcpjFeq4ufBB+uKc4kRezSK03382xpE8iNQbiRHUl+z31NW0W18FQ=="
      },
      "StaticLambda.Fody": {
        "type": "Direct",
        "requested": "[1.1.3, )",
        "resolved": "1.1.3",
        "contentHash": "Q1aj/jsDoHqz3hkXdex/bnrjV2wEP19Dxj+fgh0C+u0N0Ace8JC6a5xppW72NouwiukQmUE2iLCfINWYtdK+Mw=="
      },
      "Text.Analyzers": {
        "type": "Direct",
        "requested": "[5.6.0, )",
        "resolved": "5.6.0",
        "contentHash": "tDYK+kID75I18NAQhK4U+FolrlpeH4eiUg8d4H5GRbc3L5GMG0ltB7ioANCtuO8V4L7DL4U2bsG1B+zgbsXd/A=="
      },
      "System.Runtime.CompilerServices.Unsafe": {
        "type": "Transitive",
        "resolved": "6.1.2",
        "contentHash": "2hBr6zdbIBTDE3EhK7NSVNdX58uTK6iHW/P/Axmm9sl1xoGSLqDvMtpecn226TNwHByFokYwJmt/aQQNlO5CRw=="
      }
    },
    "net8.0": {
      "Absence.Fody": {
        "type": "Direct",
        "requested": "[2.0.11, )",
        "resolved": "2.0.11",
        "contentHash": "DoO21KRWNDlAt/amx2yD0Z1MAtpv5hC97EU2G9LEhptpgWsFedpBQuajvszRIMD2zIGXEzwSAkgAdvugjQdBoQ=="
      },
      "Collections.Analyzer": {
        "type": "Direct",
        "requested": "[0.2.14.2, )",
        "resolved": "0.2.14.2",
        "contentHash": "FCQXj050exC2BDv7/yq/ECQReT62/nU19ZX08eLGO1RCEg31Uf760nz5mQBb9nSM4mqkVnkVHA7XtBEZEUIzFA=="
      },
      "CommunityToolkit.HighPerformance": {
        "type": "Direct",
        "requested": "[8.4.2, )",
        "resolved": "8.4.2",
        "contentHash": "2hmtrrU18x6NL3mbuAqwy0KpnoEEJOuK6sH5RKQfD/jHijn2pqvqBUC7WGy9dgNBL9BDA7eOC0kirsNPMp2f4Q=="
      },
      "Divorce.Fody": {
        "type": "Direct",
        "requested": "[1.1.2, )",
        "resolved": "1.1.2",
        "contentHash": "c0IPHVtr5T02Y+YRzGWLNPGyWTIgqzWHdUVgl2vle/SnO4ZPgmlhTke2GltgGuYwAmKFEA7SJlaeCWeZMqkdiA=="
      },
      "Emik.SourceGenerators.Choices": {
        "type": "Direct",
        "requested": "[1.4.17, )",
        "resolved": "1.4.17",
        "contentHash": "TNcX2Q7AfIBgYj5/qvTYPK/ZZh90jU+uB0dobkGXXYFu3pNivYJR8PHMT2p7vSW7Y77R2W0WPO2Bsb5WyK0cAQ=="
      },
      "Emik.SourceGenerators.Implicit": {
        "type": "Direct",
        "requested": "[1.0.8, )",
        "resolved": "1.0.8",
        "contentHash": "ZvORDhXSnsU8W94otlq0cnnU+QZ8AwAp7bto2GmKDoLI1rdRL8lZBwthT/BFgGzXbUPYKgEyNWGzN1uM2w4Ldw=="
      },
      "Emik.SourceGenerators.Tattoo": {
        "type": "Direct",
        "requested": "[2.0.7, )",
        "resolved": "2.0.7",
        "contentHash": "DCEVX9qIWJZ/QNtcp1tAIyX+JcLVCfWxl9znuFBQtWcl1/3XF1AUf0pe+fSuNJH20NZrWguD+u8ye006AvtnEw=="
      },
      "Fody": {
        "type": "Direct",
        "requested": "[6.9.3, )",
        "resolved": "6.9.3",
        "contentHash": "1CUGgFdyECDKgi5HaUBhdv6k+VG9Iy4OCforGfHyar3xQXAJypZkzymgKtWj/4SPd6nSG0Qi7NH71qHrDSZLaA=="
      },
      "IDisposableAnalyzers": {
        "type": "Direct",
        "requested": "[4.0.8, )",
        "resolved": "4.0.8",
        "contentHash": "vNi4NMG0CcJyjXxiNDcQ21FwV/whM9o9OEZKD+oP7tuxAqFEzX/x5OhC3OZJqW/w+8GOtCmJPBquYgMWgz0rfQ=="
      },
      "ILMerge.Fody": {
        "type": "Direct",
        "requested": "[1.24.0, )",
        "resolved": "1.24.0",
        "contentHash": "Jg13T22kxyVUCP1lAfjSDKkL01XzMIM+GWd5kv9Hohi/9L2dhHZK55KQe2Yu/sHoQsYvRToeCDuIBKrNOJza7A==",
        "dependencies": {
          "Fody": "6.6.4"
        }
      },
      "InlineIL.Fody": {
        "type": "Direct",
        "requested": "[1.10.2, )",
        "resolved": "1.10.2",
        "contentHash": "sJCDXWpPUOPs8uUpbVF5WzT5tsI5ybUI1xM6gzN3CBC4Ckb3J7xcmmrXeUcjbyC9IwFQNyxMir3MyvTzTvCwmw==",
        "dependencies": {
          "Fody": "6.9.3"
        }
      },
      "JetBrains.Annotations": {
        "type": "Direct",
        "requested": "[2026.2.0, )",
        "resolved": "2026.2.0",
        "contentHash": "drvAEaI7Xf4wU6dx4UTB9MoZWXZlraaQ0qoeThPQ411FxNhId7QdUTukIC9I8aUHP0ycAaGwZNKqSvfOZQvUlg=="
      },
      "JetBrainsAnnotations.Fody": {
        "type": "Direct",
        "requested": "[2.17.0, )",
        "resolved": "2.17.0",
        "contentHash": "poQLz+ZhKGJzmlVMkbh4+tSDGPAw7xcv2Pqimao2NERhXv4iF+T1gAcozFVDHiD5wpicaYelICIFohQ9AWq8Fg==",
        "dependencies": {
          "Fody": "6.5.1",
          "JetBrains.Annotations": "2021.1.0"
        }
      },
      "Microsoft.CodeAnalysis.Analyzers": {
        "type": "Direct",
        "requested": "[5.6.0, )",
        "resolved": "5.6.0",
        "contentHash": "30ffAcvc+M4xXFN06dg2bKyH5eXgJQmyuB5H5cpC47559rQV5x7vZRyyC/YakNLQtBG3IdW/ZAyLCMeDBGDxXg=="
      },
      "NullGuard.Fody": {
        "type": "Direct",
        "requested": "[3.1.1, )",
        "resolved": "3.1.1",
        "contentHash": "v3S5KBsTafu8lTlO1eouW8Ly6JLcEXRBZAbXbNJfb4fpehY+iSE8m1o4wJQodaEafkPlhoOM4/BnoePKGp1c4A==",
        "dependencies": {
          "Fody": "6.6.4"
        }
      },
      "ReflectionAnalyzers": {
        "type": "Direct",
        "requested": "[0.3.1, )",
        "resolved": "0.3.1",
        "contentHash": "Q7N3nziye+vGsDPcrKrPFjlaFhrM+1adtJcpjFeq4ufBB+uKc4kRezSK03382xpE8iNQbiRHUl+z31NW0W18FQ=="
      },
      "StaticLambda.Fody": {
        "type": "Direct",
        "requested": "[1.1.3, )",
        "resolved": "1.1.3",
        "contentHash": "Q1aj/jsDoHqz3hkXdex/bnrjV2wEP19Dxj+fgh0C+u0N0Ace8JC6a5xppW72NouwiukQmUE2iLCfINWYtdK+Mw=="
      },
      "Text.Analyzers": {
        "type": "Direct",
        "requested": "[5.6.0, )",
        "resolved": "5.6.0",
        "contentHash": "tDYK+kID75I18NAQhK4U+FolrlpeH4eiUg8d4H5GRbc3L5GMG0ltB7ioANCtuO8V4L7DL4U2bsG1B+zgbsXd/A=="
      }
    },
    "net9.0": {
      "Absence.Fody": {
        "type": "Direct",
        "requested": "[2.0.11, )",
        "resolved": "2.0.11",
        "contentHash": "DoO21KRWNDlAt/amx2yD0Z1MAtpv5hC97EU2G9LEhptpgWsFedpBQuajvszRIMD2zIGXEzwSAkgAdvugjQdBoQ=="
      },
      "Collections.Analyzer": {
        "type": "Direct",
        "requested": "[0.2.14.2, )",
        "resolved": "0.2.14.2",
        "contentHash": "FCQXj050exC2BDv7/yq/ECQReT62/nU19ZX08eLGO1RCEg31Uf760nz5mQBb9nSM4mqkVnkVHA7XtBEZEUIzFA=="
      },
      "CommunityToolkit.HighPerformance": {
        "type": "Direct",
        "requested": "[8.4.2, )",
        "resolved": "8.4.2",
        "contentHash": "2hmtrrU18x6NL3mbuAqwy0KpnoEEJOuK6sH5RKQfD/jHijn2pqvqBUC7WGy9dgNBL9BDA7eOC0kirsNPMp2f4Q=="
      },
      "Divorce.Fody": {
        "type": "Direct",
        "requested": "[1.1.2, )",
        "resolved": "1.1.2",
        "contentHash": "c0IPHVtr5T02Y+YRzGWLNPGyWTIgqzWHdUVgl2vle/SnO4ZPgmlhTke2GltgGuYwAmKFEA7SJlaeCWeZMqkdiA=="
      },
      "Emik.SourceGenerators.Choices": {
        "type": "Direct",
        "requested": "[1.4.17, )",
        "resolved": "1.4.17",
        "contentHash": "TNcX2Q7AfIBgYj5/qvTYPK/ZZh90jU+uB0dobkGXXYFu3pNivYJR8PHMT2p7vSW7Y77R2W0WPO2Bsb5WyK0cAQ=="
      },
      "Emik.SourceGenerators.Implicit": {
        "type": "Direct",
        "requested": "[1.0.8, )",
        "resolved": "1.0.8",
        "contentHash": "ZvORDhXSnsU8W94otlq0cnnU+QZ8AwAp7bto2GmKDoLI1rdRL8lZBwthT/BFgGzXbUPYKgEyNWGzN1uM2w4Ldw=="
      },
      "Emik.SourceGenerators.Tattoo": {
        "type": "Direct",
        "requested": "[2.0.7, )",
        "resolved": "2.0.7",
        "contentHash": "DCEVX9qIWJZ/QNtcp1tAIyX+JcLVCfWxl9znuFBQtWcl1/3XF1AUf0pe+fSuNJH20NZrWguD+u8ye006AvtnEw=="
      },
      "Fody": {
        "type": "Direct",
        "requested": "[6.9.3, )",
        "resolved": "6.9.3",
        "contentHash": "1CUGgFdyECDKgi5HaUBhdv6k+VG9Iy4OCforGfHyar3xQXAJypZkzymgKtWj/4SPd6nSG0Qi7NH71qHrDSZLaA=="
      },
      "IDisposableAnalyzers": {
        "type": "Direct",
        "requested": "[4.0.8, )",
        "resolved": "4.0.8",
        "contentHash": "vNi4NMG0CcJyjXxiNDcQ21FwV/whM9o9OEZKD+oP7tuxAqFEzX/x5OhC3OZJqW/w+8GOtCmJPBquYgMWgz0rfQ=="
      },
      "ILMerge.Fody": {
        "type": "Direct",
        "requested": "[1.24.0, )",
        "resolved": "1.24.0",
        "contentHash": "Jg13T22kxyVUCP1lAfjSDKkL01XzMIM+GWd5kv9Hohi/9L2dhHZK55KQe2Yu/sHoQsYvRToeCDuIBKrNOJza7A==",
        "dependencies": {
          "Fody": "6.6.4"
        }
      },
      "InlineIL.Fody": {
        "type": "Direct",
        "requested": "[1.10.2, )",
        "resolved": "1.10.2",
        "contentHash": "sJCDXWpPUOPs8uUpbVF5WzT5tsI5ybUI1xM6gzN3CBC4Ckb3J7xcmmrXeUcjbyC9IwFQNyxMir3MyvTzTvCwmw==",
        "dependencies": {
          "Fody": "6.9.3"
        }
      },
      "JetBrains.Annotations": {
        "type": "Direct",
        "requested": "[2026.2.0, )",
        "resolved": "2026.2.0",
        "contentHash": "drvAEaI7Xf4wU6dx4UTB9MoZWXZlraaQ0qoeThPQ411FxNhId7QdUTukIC9I8aUHP0ycAaGwZNKqSvfOZQvUlg=="
      },
      "JetBrainsAnnotations.Fody": {
        "type": "Direct",
        "requested": "[2.17.0, )",
        "resolved": "2.17.0",
        "contentHash": "poQLz+ZhKGJzmlVMkbh4+tSDGPAw7xcv2Pqimao2NERhXv4iF+T1gAcozFVDHiD5wpicaYelICIFohQ9AWq8Fg==",
        "dependencies": {
          "Fody": "6.5.1",
          "JetBrains.Annotations": "2021.1.0"
        }
      },
      "Microsoft.CodeAnalysis.Analyzers": {
        "type": "Direct",
        "requested": "[5.6.0, )",
        "resolved": "5.6.0",
        "contentHash": "30ffAcvc+M4xXFN06dg2bKyH5eXgJQmyuB5H5cpC47559rQV5x7vZRyyC/YakNLQtBG3IdW/ZAyLCMeDBGDxXg=="
      },
      "NullGuard.Fody": {
        "type": "Direct",
        "requested": "[3.1.1, )",
        "resolved": "3.1.1",
        "contentHash": "v3S5KBsTafu8lTlO1eouW8Ly6JLcEXRBZAbXbNJfb4fpehY+iSE8m1o4wJQodaEafkPlhoOM4/BnoePKGp1c4A==",
        "dependencies": {
          "Fody": "6.6.4"
        }
      },
      "ReflectionAnalyzers": {
        "type": "Direct",
        "requested": "[0.3.1, )",
        "resolved": "0.3.1",
        "contentHash": "Q7N3nziye+vGsDPcrKrPFjlaFhrM+1adtJcpjFeq4ufBB+uKc4kRezSK03382xpE8iNQbiRHUl+z31NW0W18FQ=="
      },
      "StaticLambda.Fody": {
        "type": "Direct",
        "requested": "[1.1.3, )",
        "resolved": "1.1.3",
        "contentHash": "Q1aj/jsDoHqz3hkXdex/bnrjV2wEP19Dxj+fgh0C+u0N0Ace8JC6a5xppW72NouwiukQmUE2iLCfINWYtdK+Mw=="
      },
      "Text.Analyzers": {
        "type": "Direct",
        "requested": "[5.6.0, )",
        "resolved": "5.6.0",
        "contentHash": "tDYK+kID75I18NAQhK4U+FolrlpeH4eiUg8d4H5GRbc3L5GMG0ltB7ioANCtuO8V4L7DL4U2bsG1B+zgbsXd/A=="
      }
    }
  }
}